
Microsoft Visual Studio Solution File, Format Version 12.00
# Visual Studio Version 17
VisualStudioVersion = 17.9.34616.47
MinimumVisualStudioVersion = 10.0.40219.1
Project("{FAE04EC0-301F-11D3-BF4B-00C04F79EFBC}") = "tpmodul4_1302223062", "tpmodul4_1302223062\tpmodul4_1302223062.csproj", "{70EBF6F0-000F-4BC7-A7CB-6090A03B41DE}"
EndProject
Global
	GlobalSection(SolutionConfigurationPlatforms) = preSolution
		Debug|Any CPU = Debug|Any CPU
		Release|Any CPU = Release|Any CPU
	EndGlobalSection
	GlobalSection(ProjectConfigurationPlatforms) = postSolution
		{70EBF6F0-000F-4BC7-A7CB-6090A03B41DE}.Debug|Any CPU.ActiveCfg = Debug|Any CPU
		{70EBF6F0-000F-4BC7-A7CB-6090A03B41DE}.Debug|Any CPU.Build.0 = Debug|Any CPU
		{70EBF6F0-000F-4BC7-A7CB-6090A03B41DE}.Release|Any CPU.ActiveCfg = Release|Any CPU
		{70EBF6F0-000F-4BC7-A7CB-6090A03B41DE}.Release|Any CPU.Build.0 = Release|Any CPU
	EndGlobalSection
	GlobalSection(SolutionProperties) = preSolution
		HideSolutionNode = FALSE
	EndGlobalSection
	GlobalSection(ExtensibilityGlobals) = postSolution
		SolutionGuid = {0EDE1ACD-CC5B-4BB9-BF23-F458B63F5F4E}
	EndGlobalSection
EndGlobal
